// !$*UTF8*$!
{
	archiveVersion = 1;
	classes = {
	};
	objectVersion = 56;
	objects = {

/* Begin PBXBuildFile section */
		4D56234E2BF02FE200D5FA64 /* AppDelegate.swift in Sources */ = {isa = PBXBuildFile; fileRef = 4D56234D2BF02FE200D5FA64 /* AppDelegate.swift */; };
		4D5623502BF02FE200D5FA64 /* ContentView.swift in Sources */ = {isa = PBXBuildFile; fileRef = 4D56234F2BF02FE200D5FA64 /* ContentView.swift */; };
		4D5623522BF02FE300D5FA64 /* Assets.xcassets in Resources */ = {isa = PBXBuildFile; fileRef = 4D5623512BF02FE300D5FA64 /* Assets.xcassets */; };
		4D5623552BF02FE300D5FA64 /* Preview Assets.xcassets in Resources */ = {isa = PBXBuildFile; fileRef = 4D5623542BF02FE300D5FA64 /* Preview Assets.xcassets */; };
		4D56235F2BF02FE300D5FA64 /* ProjectCatTests.swift in Sources */ = {isa = PBXBuildFile; fileRef = 4D56235E2BF02FE300D5FA64 /* ProjectCatTests.swift */; };
		4D5623692BF02FE300D5FA64 /* ProjectCatUITests.swift in Sources */ = {isa = PBXBuildFile; fileRef = 4D5623682BF02FE300D5FA64 /* ProjectCatUITests.swift */; };
		4D56236B2BF02FE300D5FA64 /* ProjectCatUITestsLaunchTests.swift in Sources */ = {isa = PBXBuildFile; fileRef = 4D56236A2BF02FE300D5FA64 /* ProjectCatUITestsLaunchTests.swift */; };
		4D5623782BF042C000D5FA64 /* CatEntity.swift in Sources */ = {isa = PBXBuildFile; fileRef = 4D5623772BF042C000D5FA64 /* CatEntity.swift */; };
/* End PBXBuildFile section */

/* Begin PBXContainerItemProxy section */
		4D56235B2BF02FE300D5FA64 /* PBXContainerItemProxy */ = {
			isa = PBXContainerItemProxy;
			containerPortal = 4D5623422BF02FE200D5FA64 /* Project object */;
			proxyType = 1;
			remoteGlobalIDString = 4D5623492BF02FE200D5FA64;
			remoteInfo = ProjectCat;
		};
		4D5623652BF02FE300D5FA64 /* PBXContainerItemProxy */ = {
			isa = PBXContainerItemProxy;
			containerPortal = 4D5623422BF02FE200D5FA64 /* Project object */;
			proxyType = 1;
			remoteGlobalIDString = 4D5623492BF02FE200D5FA64;
			remoteInfo = ProjectCat;
		};
/* End PBXContainerItemProxy section */

/* Begin PBXFileReference section */
		4D56234A2BF02FE200D5FA64 /* ProjectCat.app */ = {isa = PBXFileReference; explicitFileType = wrapper.application; includeInIndex = 0; path = ProjectCat.app; sourceTree = BUILT_PRODUCTS_DIR; };
		4D56234D2BF02FE200D5FA64 /* AppDelegate.swift */ = {isa = PBXFileReference; lastKnownFileType = sourcecode.swift; path = AppDelegate.swift; sourceTree = "<group>"; };
		4D56234F2BF02FE200D5FA64 /* ContentView.swift */ = {isa = PBXFileReference; lastKnownFileType = sourcecode.swift; path = ContentView.swift; sourceTree = "<group>"; };
		4D5623512BF02FE300D5FA64 /* Assets.xcassets */ = {isa = PBXFileReference; lastKnownFileType = folder.assetcatalog; path = Assets.xcassets; sourceTree = "<group>"; };
		4D5623542BF02FE300D5FA64 /* Preview Assets.xcassets */ = {isa = PBXFileReference; lastKnownFileType = folder.assetcatalog; path = "Preview Assets.xcassets"; sourceTree = "<group>"; };
		4D56235A2BF02FE300D5FA64 /* ProjectCatTests.xctest */ = {isa = PBXFileReference; explicitFileType = wrapper.cfbundle; includeInIndex = 0; path = ProjectCatTests.xctest; sourceTree = BUILT_PRODUCTS_DIR; };
		4D56235E2BF02FE300D5FA64 /* ProjectCatTests.swift */ = {isa = PBXFileReference; lastKnownFileType = sourcecode.swift; path = ProjectCatTests.swift; sourceTree = "<group>"; };
		4D5623642BF02FE300D5FA64 /* ProjectCatUITests.xctest */ = {isa = PBXFileReference; explicitFileType = wrapper.cfbundle; includeInIndex = 0; path = ProjectCatUITests.xctest; sourceTree = BUILT_PRODUCTS_DIR; };
		4D5623682BF02FE300D5FA64 /* ProjectCatUITests.swift */ = {isa = PBXFileReference; lastKnownFileType = sourcecode.swift; path = ProjectCatUITests.swift; sourceTree = "<group>"; };
		4D56236A2BF02FE300D5FA64 /* ProjectCatUITestsLaunchTests.swift */ = {isa = PBXFileReference; lastKnownFileType = sourcecode.swift; path = ProjectCatUITestsLaunchTests.swift; sourceTree = "<group>"; };
		4D5623772BF042C000D5FA64 /* CatEntity.swift */ = {isa = PBXFileReference; lastKnownFileType = sourcecode.swift; path = CatEntity.swift; sourceTree = "<group>"; };
/* End PBXFileReference section */

/* Begin PBXFrameworksBuildPhase section */
		4D5623472BF02FE200D5FA64 /* Frameworks */ = {
			isa = PBXFrameworksBuildPhase;
			buildActionMask = 2147483647;
			files = (
			);
			runOnlyForDeploymentPostprocessing = 0;
		};
		4D5623572BF02FE300D5FA64 /* Frameworks */ = {
			isa = PBXFrameworksBuildPhase;
			buildActionMask = 2147483647;
			files = (
			);
			runOnlyForDeploymentPostprocessing = 0;
		};
		4D5623612BF02FE300D5FA64 /* Frameworks */ = {
			isa = PBXFrameworksBuildPhase;
			buildActionMask = 2147483647;
			files = (
			);
			runOnlyForDeploymentPostprocessing = 0;
		};
/* End PBXFrameworksBuildPhase section */

/* Begin PBXGroup section */
		4D5623412BF02FE200D5FA64 = {
			isa = PBXGroup;
			children = (
				4D56234C2BF02FE200D5FA64 /* ProjectCat */,
				4D56235D2BF02FE300D5FA64 /* ProjectCatTests */,
				4D5623672BF02FE300D5FA64 /* ProjectCatUITests */,
				4D56234B2BF02FE200D5FA64 /* Products */,
			);
			sourceTree = "<group>";
		};
		4D56234B2BF02FE200D5FA64 /* Products */ = {
			isa = PBXGroup;
			children = (
				4D56234A2BF02FE200D5FA64 /* ProjectCat.app */,
				4D56235A2BF02FE300D5FA64 /* ProjectCatTests.xctest */,
				4D5623642BF02FE300D5FA64 /* ProjectCatUITests.xctest */,
			);
			name = Products;
			sourceTree = "<group>";
		};
		4D56234C2BF02FE200D5FA64 /* ProjectCat */ = {
			isa = PBXGroup;
			children = (
				4D56234D2BF02FE200D5FA64 /* AppDelegate.swift */,
				4D56234F2BF02FE200D5FA64 /* ContentView.swift */,
				4D5623512BF02FE300D5FA64 /* Assets.xcassets */,
				4D5623532BF02FE300D5FA64 /* Preview Content */,
				4D5623772BF042C000D5FA64 /* CatEntity.swift */,
			);
			path = ProjectCat;
			sourceTree = "<group>";
		};
		4D5623532BF02FE300D5FA64 /* Preview Content */ = {
			isa = PBXGroup;
			children = (
				4D5623542BF02FE300D5FA64 /* Preview Assets.xcassets */,
			);
			path = "Preview Content";
			sourceTree = "<group>";
		};
		4D56235D2BF02FE300D5FA64 /* ProjectCatTests */ = {
			isa = PBXGroup;
			children = (
				4D56235E2BF02FE300D5FA64 /* ProjectCatTests.swift */,
			);
			path = ProjectCatTests;
			sourceTree = "<group>";
		};
		4D5623672BF02FE300D5FA64 /* ProjectCatUITests */ = {
			isa = PBXGroup;
			children = (
				4D5623682BF02FE300D5FA64 /* ProjectCatUITests.swift */,
				4D56236A2BF02FE300D5FA64 /* ProjectCatUITestsLaunchTests.swift */,
			);
			path = ProjectCatUITests;
			sourceTree = "<group>";
		};
/* End PBXGroup section */

/* Begin PBXNativeTarget section */
		4D5623492BF02FE200D5FA64 /* ProjectCat */ = {
			isa = PBXNativeTarget;
			buildConfigurationList = 4D56236E2BF02FE300D5FA64 /* Build configuration list for PBXNativeTarget "ProjectCat" */;
			buildPhases = (
				4D5623462BF02FE200D5FA64 /* Sources */,
				4D5623472BF02FE200D5FA64 /* Frameworks */,
				4D5623482BF02FE200D5FA64 /* Resources */,
			);
			buildRules = (
			);
			dependencies = (
			);
			name = ProjectCat;
			productName = ProjectCat;
			productReference = 4D56234A2BF02FE200D5FA64 /* ProjectCat.app */;
			productType = "com.apple.product-type.application";
		};
		4D5623592BF02FE300D5FA64 /* ProjectCatTests */ = {
			isa = PBXNativeTarget;
			buildConfigurationList = 4D5623712BF02FE300D5FA64 /* Build configuration list for PBXNativeTarget "ProjectCatTests" */;
			buildPhases = (
				4D5623562BF02FE300D5FA64 /* Sources */,
				4D5623572BF02FE300D5FA64 /* Frameworks */,
				4D5623582BF02FE300D5FA64 /* Resources */,
			);
			buildRules = (
			);
			dependencies = (
				4D56235C2BF02FE300D5FA64 /* PBXTargetDependency */,
			);
			name = ProjectCatTests;
			productName = ProjectCatTests;
			productReference = 4D56235A2BF02FE300D5FA64 /* ProjectCatTests.xctest */;
			productType = "com.apple.product-type.bundle.unit-test";
		};
		4D5623632BF02FE300D5FA64 /* ProjectCatUITests */ = {
			isa = PBXNativeTarget;
			buildConfigurationList = 4D5623742BF02FE300D5FA64 /* Build configuration list for PBXNativeTarget "ProjectCatUITests" */;
			buildPhases = (
				4D5623602BF02FE300D5FA64 /* Sources */,
				4D5623612BF02FE300D5FA64 /* Frameworks */,
				4D5623622BF02FE300D5FA64 /* Resources */,
			);
			buildRules = (
			);
			dependencies = (
				4D5623662BF02FE300D5FA64 /* PBXTargetDependency */,
			);
			name = ProjectCatUITests;
			productName = ProjectCatUITests;
			productReference = 4D5623642BF02FE300D5FA64 /* ProjectCatUITests.xctest */;
			productType = "com.apple.product-type.bundle.ui-testing";
		};
/* End PBXNativeTarget section */

/* Begin PBXProject section */
		4D5623422BF02FE200D5FA64 /* Project object */ = {
			isa = PBXProject;
			attributes = {
				BuildIndependentTargetsInParallel = 1;
				LastSwiftUpdateCheck = 1530;
				LastUpgradeCheck = 1530;
				TargetAttributes = {
					4D5623492BF02FE200D5FA64 = {
						CreatedOnToolsVersion = 15.3;
					};
					4D5623592BF02FE300D5FA64 = {
						CreatedOnToolsVersion = 15.3;
						TestTargetID = 4D5623492BF02FE200D5FA64;
					};
					4D5623632BF02FE300D5FA64 = {
						CreatedOnToolsVersion = 15.3;
						TestTargetID = 4D5623492BF02FE200D5FA64;
					};
				};
			};
			buildConfigurationList = 4D5623452BF02FE200D5FA64 /* Build configuration list for PBXProject "ProjectCat" */;
			compatibilityVersion = "Xcode 14.0";
			developmentRegion = en;
			hasScannedForEncodings = 0;
			knownRegions = (
				en,
				Base,
			);
			mainGroup = 4D5623412BF02FE200D5FA64;
			productRefGroup = 4D56234B2BF02FE200D5FA64 /* Products */;
			projectDirPath = "";
			projectRoot = "";
			targets = (
				4D5623492BF02FE200D5FA64 /* ProjectCat */,
				4D5623592BF02FE300D5FA64 /* ProjectCatTests */,
				4D5623632BF02FE300D5FA64 /* ProjectCatUITests */,
			);
		};
/* End PBXProject section */

/* Begin PBXResourcesBuildPhase section */
		4D5623482BF02FE200D5FA64 /* Resources */ = {
			isa = PBXResourcesBuildPhase;
			buildActionMask = 2147483647;
			files = (
				4D5623552BF02FE300D5FA64 /* Preview Assets.xcassets in Resources */,
				4D5623522BF02FE300D5FA64 /* Assets.xcassets in Resources */,
			);
			runOnlyForDeploymentPostprocessing = 0;
		};
		4D5623582BF02FE300D5FA64 /* Resources */ = {
			isa = PBXResourcesBuildPhase;
			buildActionMask = 2147483647;
			files = (
			);
			runOnlyForDeploymentPostprocessing = 0;
		};
		4D5623622BF02FE300D5FA64 /* Resources */ = {
			isa = PBXResourcesBuildPhase;
			buildActionMask = 2147483647;
			files = (
			);
			runOnlyForDeploymentPostprocessing = 0;
		};
/* End PBXResourcesBuildPhase section */

/* Begin PBXSourcesBuildPhase section */
		4D5623462BF02FE200D5FA64 /* Sources */ = {
			isa = PBXSourcesBuildPhase;
			buildActionMask = 2147483647;
			files = (
				4D5623502BF02FE200D5FA64 /* ContentView.swift in Sources */,
				4D5623782BF042C000D5FA64 /* CatEntity.swift in Sources */,
				4D56234E2BF02FE200D5FA64 /* AppDelegate.swift in Sources */,
			);
			runOnlyForDeploymentPostprocessing = 0;
		};
		4D5623562BF02FE300D5FA64 /* Sources */ = {
			isa = PBXSourcesBuildPhase;
			buildActionMask = 2147483647;
			files = (
				4D56235F2BF02FE300D5FA64 /* ProjectCatTests.swift in Sources */,
			);
			runOnlyForDeploymentPostprocessing = 0;
		};
		4D5623602BF02FE300D5FA64 /* Sources */ = {
			isa = PBXSourcesBuildPhase;
			buildActionMask = 2147483647;
			files = (
				4D5623692BF02FE300D5FA64 /* ProjectCatUITests.swift in Sources */,
				4D56236B2BF02FE300D5FA64 /* ProjectCatUITestsLaunchTests.swift in Sources */,
			);
			runOnlyForDeploymentPostprocessing = 0;
		};
/* End PBXSourcesBuildPhase section */

/* Begin PBXTargetDependency section */
		4D56235C2BF02FE300D5FA64 /* PBXTargetDependency */ = {
			isa = PBXTargetDependency;
			target = 4D5623492BF02FE200D5FA64 /* ProjectCat */;
			targetProxy = 4D56235B2BF02FE300D5FA64 /* PBXContainerItemProxy */;
		};
		4D5623662BF02FE300D5FA64 /* PBXTargetDependency */ = {
			isa = PBXTargetDependency;
			target = 4D5623492BF02FE200D5FA64 /* ProjectCat */;
			targetProxy = 4D5623652BF02FE300D5FA64 /* PBXContainerItemProxy */;
		};
/* End PBXTargetDependency section */

/* Begin XCBuildConfiguration section */
		4D56236C2BF02FE300D5FA64 /* Debug */ = {
			isa = XCBuildConfiguration;
			buildSettings = {
				ALWAYS_SEARCH_USER_PATHS = NO;
				ASSETCATALOG_COMPILER_GENERATE_SWIFT_ASSET_SYMBOL_EXTENSIONS = YES;
				CLANG_ANALYZER_NONNULL = YES;
				CLANG_ANALYZER_NUMBER_OBJECT_CONVERSION = YES_AGGRESSIVE;
				CLANG_CXX_LANGUAGE_STANDARD = "gnu++20";
				CLANG_ENABLE_MODULES = YES;
				CLANG_ENABLE_OBJC_ARC = YES;
				CLANG_ENABLE_OBJC_WEAK = YES;
				CLANG_WARN_BLOCK_CAPTURE_AUTORELEASING = YES;
				CLANG_WARN_BOOL_CONVERSION = YES;
				CLANG_WARN_COMMA = YES;
				CLANG_WARN_CONSTANT_CONVERSION = YES;
				CLANG_WARN_DEPRECATED_OBJC_IMPLEMENTATIONS = YES;
				CLANG_WARN_DIRECT_OBJC_ISA_USAGE = YES_ERROR;
				CLANG_WARN_DOCUMENTATION_COMMENTS = YES;
				CLANG_WARN_EMPTY_BODY = YES;
				CLANG_WARN_ENUM_CONVERSION = YES;
				CLANG_WARN_INFINITE_RECURSION = YES;
				CLANG_WARN_INT_CONVERSION = YES;
				CLANG_WARN_NON_LITERAL_NULL_CONVERSION = YES;
				CLANG_WARN_OBJC_IMPLICIT_RETAIN_SELF = YES;
				CLANG_WARN_OBJC_LITERAL_CONVERSION = YES;
				CLANG_WARN_OBJC_ROOT_CLASS = YES_ERROR;
				CLANG_WARN_QUOTED_INCLUDE_IN_FRAMEWORK_HEADER = YES;
				CLANG_WARN_RANGE_LOOP_ANALYSIS = YES;
				CLANG_WARN_STRICT_PROTOTYPES = YES;
				CLANG_WARN_SUSPICIOUS_MOVE = YES;
				CLANG_WARN_UNGUARDED_AVAILABILITY = YES_AGGRESSIVE;
				CLANG_WARN_UNREACHABLE_CODE = YES;
				CLANG_WARN__DUPLICATE_METHOD_MATCH = YES;
				COPY_PHASE_STRIP = NO;
				DEBUG_INFORMATION_FORMAT = dwarf;
				ENABLE_STRICT_OBJC_MSGSEND = YES;
				ENABLE_TESTABILITY = YES;
				ENABLE_USER_SCRIPT_SANDBOXING = YES;
				GCC_C_LANGUAGE_STANDARD = gnu17;
				GCC_DYNAMIC_NO_PIC = NO;
				GCC_NO_COMMON_BLOCKS = YES;
				GCC_OPTIMIZATION_LEVEL = 0;
				GCC_PREPROCESSOR_DEFINITIONS = (
					"DEBUG=1",
					"$(inherited)",
				);
				GCC_WARN_64_TO_32_BIT_CONVERSION = YES;
				GCC_WARN_ABOUT_RETURN_TYPE = YES_ERROR;
				GCC_WARN_UNDECLARED_SELECTOR = YES;
				GCC_WARN_UNINITIALIZED_AUTOS = YES_AGGRESSIVE;
				GCC_WARN_UNUSED_FUNCTION = YES;
				GCC_WARN_UNUSED_VARIABLE = YES;
				IPHONEOS_DEPLOYMENT_TARGET = 17.4;
				LOCALIZATION_PREFERS_STRING_CATALOGS = YES;
				MTL_ENABLE_DEBUG_INFO = INCLUDE_SOURCE;
				MTL_FAST_MATH = YES;
				ONLY_ACTIVE_ARCH = YES;
				SDKROOT = iphoneos;
				SWIFT_ACTIVE_COMPILATION_CONDITIONS = "DEBUG $(inherited)";
				SWIFT_OPTIMIZATION_LEVEL = "-Onone";
			};
			name = Debug;
		};
		4D56236D2BF02FE300D5FA64 /* Release */ = {
			isa = XCBuildConfiguration;
			buildSettings = {
				ALWAYS_SEARCH_USER_PATHS = NO;
				ASSETCATALOG_COMPILER_GENERATE_SWIFT_ASSET_SYMBOL_EXTENSIONS = YES;
				CLANG_ANALYZER_NONNULL = YES;
				CLANG_ANALYZER_NUMBER_OBJECT_CONVERSION = YES_AGGRESSIVE;
				CLANG_CXX_LANGUAGE_STANDARD = "gnu++20";
				CLANG_ENABLE_MODULES = YES;
				CLANG_ENABLE_OBJC_ARC = YES;
				CLANG_ENABLE_OBJC_WEAK = YES;
				CLANG_WARN_BLOCK_CAPTURE_AUTORELEASING = YES;
				CLANG_WARN_BOOL_CONVERSION = YES;
				CLANG_WARN_COMMA = YES;
				CLANG_WARN_CONSTANT_CONVERSION = YES;
				CLANG_WARN_DEPRECATED_OBJC_IMPLEMENTATIONS = YES;
				CLANG_WARN_DIRECT_OBJC_ISA_USAGE = YES_ERROR;
				CLANG_WARN_DOCUMENTATION_COMMENTS = YES;
				CLANG_WARN_EMPTY_BODY = YES;
				CLANG_WARN_ENUM_CONVERSION = YES;
				CLANG_WARN_INFINITE_RECURSION = YES;
				CLANG_WARN_INT_CONVERSION = YES;
				CLANG_WARN_NON_LITERAL_NULL_CONVERSION = YES;
				CLANG_WARN_OBJC_IMPLICIT_RETAIN_SELF = YES;
				CLANG_WARN_OBJC_LITERAL_CONVERSION = YES;
				CLANG_WARN_OBJC_ROOT_CLASS = YES_ERROR;
				CLANG_WARN_QUOTED_INCLUDE_IN_FRAMEWORK_HEADER = YES;
				CLANG_WARN_RANGE_LOOP_ANALYSIS = YES;
				CLANG_WARN_STRICT_PROTOTYPES = YES;
				CLANG_WARN_SUSPICIOUS_MOVE = YES;
				CLANG_WARN_UNGUARDED_AVAILABILITY = YES_AGGRESSIVE;
				CLANG_WARN_UNREACHABLE_CODE = YES;
				CLANG_WARN__DUPLICATE_METHOD_MATCH = YES;
				COPY_PHASE_STRIP = NO;
				DEBUG_INFORMATION_FORMAT = "dwarf-with-dsym";
				ENABLE_NS_ASSERTIONS = NO;
				ENABLE_STRICT_OBJC_MSGSEND = YES;
				ENABLE_USER_SCRIPT_SANDBOXING = YES;
				GCC_C_LANGUAGE_STANDARD = gnu17;
				GCC_NO_COMMON_BLOCKS = YES;
				GCC_WARN_64_TO_32_BIT_CONVERSION = YES;
				GCC_WARN_ABOUT_RETURN_TYPE = YES_ERROR;
				GCC_WARN_UNDECLARED_SELECTOR = YES;
				GCC_WARN_UNINITIALIZED_AUTOS = YES_AGGRESSIVE;
				GCC_WARN_UNUSED_FUNCTION = YES;
				GCC_WARN_UNUSED_VARIABLE = YES;
				IPHONEOS_DEPLOYMENT_TARGET = 17.4;
				LOCALIZATION_PREFERS_STRING_CATALOGS = YES;
				MTL_ENABLE_DEBUG_INFO = NO;
				MTL_FAST_MATH = YES;
				SDKROOT = iphoneos;
				SWIFT_COMPILATION_MODE = wholemodule;
				VALIDATE_PRODUCT = YES;
			};
			name = Release;
		};
		4D56236F2BF02FE300D5FA64 /* Debug */ = {
			isa = XCBuildConfiguration;
			buildSettings = {
				ASSETCATALOG_COMPILER_APPICON_NAME = AppIcon;
				ASSETCATALOG_COMPILER_GLOBAL_ACCENT_COLOR_NAME = AccentColor;
				CODE_SIGN_STYLE = Automatic;
				CURRENT_PROJECT_VERSION = 1;
				DEVELOPMENT_ASSET_PATHS = "\"ProjectCat/Preview Content\"";
				DEVELOPMENT_TEAM = LXXCLCRZQ5;
				ENABLE_PREVIEWS = YES;
				GENERATE_INFOPLIST_FILE = YES;
				INFOPLIST_KEY_NSCameraUsageDescription = "";
				INFOPLIST_KEY_UIApplicationSupportsIndirectInputEvents = YES;
				INFOPLIST_KEY_UILaunchScreen_Generation = YES;
				INFOPLIST_KEY_UIRequiredDeviceCapabilities = arkit;
				INFOPLIST_KEY_UIStatusBarHidden = YES;
				INFOPLIST_KEY_UISupportedInterfaceOrientations_iPad = "UIInterfaceOrientationPortrait UIInterfaceOrientationPortraitUpsideDown UIInterfaceOrientationLandscapeLeft UIInterfaceOrientationLandscapeRight";
				INFOPLIST_KEY_UISupportedInterfaceOrientations_iPhone = "UIInterfaceOrientationPortrait UIInterfaceOrientationLandscapeLeft UIInterfaceOrientationLandscapeRight";
				LD_RUNPATH_SEARCH_PATHS = (
					"$(inherited)",
					"@executable_path/Frameworks",
				);
				MARKETING_VERSION = 1.0;
				PRODUCT_BUNDLE_IDENTIFIER = com.ViktoriiaDorzhieva.ProjectCat;
				PRODUCT_NAME = "$(TARGET_NAME)";
				SWIFT_EMIT_LOC_STRINGS = YES;
				SWIFT_VERSION = 5.0;
				TARGETED_DEVICE_FAMILY = "1,2";
			};
			name = Debug;
		};
		4D5623702BF02FE300D5FA64 /* Release */ = {
			isa = XCBuildConfiguration;
			buildSettings = {
				ASSETCATALOG_COMPILER_APPICON_NAME = AppIcon;
				ASSETCATALOG_COMPILER_GLOBAL_ACCENT_COLOR_NAME = AccentColor;
				CODE_SIGN_STYLE = Automatic;
				CURRENT_PROJECT_VERSION = 1;
				DEVELOPMENT_ASSET_PATHS = "\"ProjectCat/Preview Content\"";
				DEVELOPMENT_TEAM = LXXCLCRZQ5;
				ENABLE_PREVIEWS = YES;
				GENERATE_INFOPLIST_FILE = YES;
				INFOPLIST_KEY_NSCameraUsageDescription = "";
				INFOPLIST_KEY_UIApplicationSupportsIndirectInputEvents = YES;
				INFOPLIST_KEY_UILaunchScreen_Generation = YES;
				INFOPLIST_KEY_UIRequiredDeviceCapabilities = arkit;
				INFOPLIST_KEY_UIStatusBarHidden = YES;
				INFOPLIST_KEY_UISupportedInterfaceOrientations_iPad = "UIInterfaceOrientationPortrait UIInterfaceOrientationPortraitUpsideDown UIInterfaceOrientationLandscapeLeft UIInterfaceOrientationLandscapeRight";
				INFOPLIST_KEY_UISupportedInterfaceOrientations_iPhone = "UIInterfaceOrientationPortrait UIInterfaceOrientationLandscapeLeft UIInterfaceOrientationLandscapeRight";
				LD_RUNPATH_SEARCH_PATHS = (
					"$(inherited)",
					"@executable_path/Frameworks",
				);
				MARKETING_VERSION = 1.0;
				PRODUCT_BUNDLE_IDENTIFIER = com.ViktoriiaDorzhieva.ProjectCat;
				PRODUCT_NAME = "$(TARGET_NAME)";
				SWIFT_EMIT_LOC_STRINGS = YES;
				SWIFT_VERSION = 5.0;
				TARGETED_DEVICE_FAMILY = "1,2";
			};
			name = Release;
		};
		4D5623722BF02FE300D5FA64 /* Debug */ = {
			isa = XCBuildConfiguration;
			buildSettings = {
				ALWAYS_EMBED_SWIFT_STANDARD_LIBRARIES = YES;
				BUNDLE_LOADER = "$(TEST_HOST)";
				CODE_SIGN_STYLE = Automatic;
				CURRENT_PROJECT_VERSION = 1;
				DEVELOPMENT_TEAM = LXXCLCRZQ5;
				GENERATE_INFOPLIST_FILE = YES;
				IPHONEOS_DEPLOYMENT_TARGET = 17.4;
				MARKETING_VERSION = 1.0;
				PRODUCT_BUNDLE_IDENTIFIER = com.ViktoriiaDorzhieva.ProjectCatTests;
				PRODUCT_NAME = "$(TARGET_NAME)";
				SWIFT_EMIT_LOC_STRINGS = NO;
				SWIFT_VERSION = 5.0;
				TARGETED_DEVICE_FAMILY = "1,2";
				TEST_HOST = "$(BUILT_PRODUCTS_DIR)/ProjectCat.app/$(BUNDLE_EXECUTABLE_FOLDER_PATH)/ProjectCat";
			};
			name = Debug;
		};
		4D5623732BF02FE300D5FA64 /* Release */ = {
			isa = XCBuildConfiguration;
			buildSettings = {
				ALWAYS_EMBED_SWIFT_STANDARD_LIBRARIES = YES;
				BUNDLE_LOADER = "$(TEST_HOST)";
				CODE_SIGN_STYLE = Automatic;
				CURRENT_PROJECT_VERSION = 1;
				DEVELOPMENT_TEAM = LXXCLCRZQ5;
				GENERATE_INFOPLIST_FILE = YES;
				IPHONEOS_DEPLOYMENT_TARGET = 17.4;
				MARKETING_VERSION = 1.0;
				PRODUCT_BUNDLE_IDENTIFIER = com.ViktoriiaDorzhieva.ProjectCatTests;
				PRODUCT_NAME = "$(TARGET_NAME)";
				SWIFT_EMIT_LOC_STRINGS = NO;
				SWIFT_VERSION = 5.0;
				TARGETED_DEVICE_FAMILY = "1,2";
				TEST_HOST = "$(BUILT_PRODUCTS_DIR)/ProjectCat.app/$(BUNDLE_EXECUTABLE_FOLDER_PATH)/ProjectCat";
			};
			name = Release;
		};
		4D5623752BF02FE300D5FA64 /* Debug */ = {
			isa = XCBuildConfiguration;
			buildSettings = {
				ALWAYS_EMBED_SWIFT_STANDARD_LIBRARIES = YES;
				CODE_SIGN_STYLE = Automatic;
				CURRENT_PROJECT_VERSION = 1;
				DEVELOPMENT_TEAM = LXXCLCRZQ5;
				GENERATE_INFOPLIST_FILE = YES;
				MARKETING_VERSION = 1.0;
				PRODUCT_BUNDLE_IDENTIFIER = com.ViktoriiaDorzhieva.ProjectCatUITests;
				PRODUCT_NAME = "$(TARGET_NAME)";
				SWIFT_EMIT_LOC_STRINGS = NO;
				SWIFT_VERSION = 5.0;
				TARGETED_DEVICE_FAMILY = "1,2";
				TEST_TARGET_NAME = ProjectCat;
			};
			name = Debug;
		};
		4D5623762BF02FE300D5FA64 /* Release */ = {
			isa = XCBuildConfiguration;
			buildSettings = {
				ALWAYS_EMBED_SWIFT_STANDARD_LIBRARIES = YES;
				CODE_SIGN_STYLE = Automatic;
				CURRENT_PROJECT_VERSION = 1;
				DEVELOPMENT_TEAM = LXXCLCRZQ5;
				GENERATE_INFOPLIST_FILE = YES;
				MARKETING_VERSION = 1.0;
				PRODUCT_BUNDLE_IDENTIFIER = com.ViktoriiaDorzhieva.ProjectCatUITests;
				PRODUCT_NAME = "$(TARGET_NAME)";
				SWIFT_EMIT_LOC_STRINGS = NO;
				SWIFT_VERSION = 5.0;
				TARGETED_DEVICE_FAMILY = "1,2";
				TEST_TARGET_NAME = ProjectCat;
			};
			name = Release;
		};
/* End XCBuildConfiguration section */

/* Begin XCConfigurationList section */
		4D5623452BF02FE200D5FA64 /* Build configuration list for PBXProject "ProjectCat" */ = {
			isa = XCConfigurationList;
			buildConfigurations = (
				4D56236C2BF02FE300D5FA64 /* Debug */,
				4D56236D2BF02FE300D5FA64 /* Release */,
			);
			defaultConfigurationIsVisible = 0;
			defaultConfigurationName = Release;
		};
		4D56236E2BF02FE300D5FA64 /* Build configuration list for PBXNativeTarget "ProjectCat" */ = {
			isa = XCConfigurationList;
			buildConfigurations = (
				4D56236F2BF02FE300D5FA64 /* Debug */,
				4D5623702BF02FE300D5FA64 /* Release */,
			);
			defaultConfigurationIsVisible = 0;
			defaultConfigurationName = Release;
		};
		4D5623712BF02FE300D5FA64 /* Build configuration list for PBXNativeTarget "ProjectCatTests" */ = {
			isa = XCConfigurationList;
			buildConfigurations = (
				4D5623722BF02FE300D5FA64 /* Debug */,
				4D5623732BF02FE300D5FA64 /* Release */,
			);
			defaultConfigurationIsVisible = 0;
			defaultConfigurationName = Release;
		};
		4D5623742BF02FE300D5FA64 /* Build configuration list for PBXNativeTarget "ProjectCatUITests" */ = {
			isa = XCConfigurationList;
			buildConfigurations = (
				4D5623752BF02FE300D5FA64 /* Debug */,
				4D5623762BF02FE300D5FA64 /* Release */,
			);
			defaultConfigurationIsVisible = 0;
			defaultConfigurationName = Release;
		};
/* End XCConfigurationList section */
	};
	rootObject = 4D5623422BF02FE200D5FA64 /* Project object */;
}
